# THIS IS AN AUTOGENERATED FILE. DO NOT EDIT THIS FILE DIRECTLY.
# yarn lockfile v1


"@babel/runtime@^7.21.0":
  version "7.28.2"
  resolved "https://registry.npmjs.org/@babel/runtime/-/runtime-7.28.2.tgz"
  integrity sha512-KHp2IflsnGywDjBWDkR9iEqiWSpc8GIi0lgTT3mOElT0PP1tG26P4tmFI2YvAdzgq9RGyoHZQEIEdZy6Ec5xCA==

"@esbuild/aix-ppc64@0.25.8":
  version "0.25.8"
  resolved "https://registry.yarnpkg.com/@esbuild/aix-ppc64/-/aix-ppc64-0.25.8.tgz#a1414903bb38027382f85f03dda6065056757727"
  integrity sha512-urAvrUedIqEiFR3FYSLTWQgLu5tb+m0qZw0NBEasUeo6wuqatkMDaRT+1uABiGXEu5vqgPd7FGE1BhsAIy9QVA==

"@esbuild/android-arm64@0.25.8":
  version "0.25.8"
  resolved "https://registry.yarnpkg.com/@esbuild/android-arm64/-/android-arm64-0.25.8.tgz#c859994089e9767224269884061f89dae6fb51c6"
  integrity sha512-OD3p7LYzWpLhZEyATcTSJ67qB5D+20vbtr6vHlHWSQYhKtzUYrETuWThmzFpZtFsBIxRvhO07+UgVA9m0i/O1w==

"@esbuild/android-arm@0.25.8":
  version "0.25.8"
  resolved "https://registry.yarnpkg.com/@esbuild/android-arm/-/android-arm-0.25.8.tgz#96a8f2ca91c6cd29ea90b1af79d83761c8ba0059"
  integrity sha512-RONsAvGCz5oWyePVnLdZY/HHwA++nxYWIX1atInlaW6SEkwq6XkP3+cb825EUcRs5Vss/lGh/2YxAb5xqc07Uw==

"@esbuild/android-x64@0.25.8":
  version "0.25.8"
  resolved "https://registry.yarnpkg.com/@esbuild/android-x64/-/android-x64-0.25.8.tgz#a3a626c4fec4a024a9fa8c7679c39996e92916f0"
  integrity sha512-yJAVPklM5+4+9dTeKwHOaA+LQkmrKFX96BM0A/2zQrbS6ENCmxc4OVoBs5dPkCCak2roAD+jKCdnmOqKszPkjA==

"@esbuild/darwin-arm64@0.25.8":
  version "0.25.8"
  resolved "https://registry.yarnpkg.com/@esbuild/darwin-arm64/-/darwin-arm64-0.25.8.tgz#a5e1252ca2983d566af1c0ea39aded65736fc66d"
  integrity sha512-Jw0mxgIaYX6R8ODrdkLLPwBqHTtYHJSmzzd+QeytSugzQ0Vg4c5rDky5VgkoowbZQahCbsv1rT1KW72MPIkevw==

"@esbuild/darwin-x64@0.25.8":
  version "0.25.8"
  resolved "https://registry.yarnpkg.com/@esbuild/darwin-x64/-/darwin-x64-0.25.8.tgz#5271b0df2bb12ce8df886704bfdd1c7cc01385d2"
  integrity sha512-Vh2gLxxHnuoQ+GjPNvDSDRpoBCUzY4Pu0kBqMBDlK4fuWbKgGtmDIeEC081xi26PPjn+1tct+Bh8FjyLlw1Zlg==

"@esbuild/freebsd-arm64@0.25.8":
  version "0.25.8"
  resolved "https://registry.yarnpkg.com/@esbuild/freebsd-arm64/-/freebsd-arm64-0.25.8.tgz#d0a0e7fdf19733b8bb1566b81df1aa0bb7e46ada"
  integrity sha512-YPJ7hDQ9DnNe5vxOm6jaie9QsTwcKedPvizTVlqWG9GBSq+BuyWEDazlGaDTC5NGU4QJd666V0yqCBL2oWKPfA==

"@esbuild/freebsd-x64@0.25.8":
  version "0.25.8"
  resolved "https://registry.yarnpkg.com/@esbuild/freebsd-x64/-/freebsd-x64-0.25.8.tgz#2de8b2e0899d08f1cb1ef3128e159616e7e85343"
  integrity sha512-MmaEXxQRdXNFsRN/KcIimLnSJrk2r5H8v+WVafRWz5xdSVmWLoITZQXcgehI2ZE6gioE6HirAEToM/RvFBeuhw==

"@esbuild/linux-arm64@0.25.8":
  version "0.25.8"
  resolved "https://registry.yarnpkg.com/@esbuild/linux-arm64/-/linux-arm64-0.25.8.tgz#a4209efadc0c2975716458484a4e90c237c48ae9"
  integrity sha512-WIgg00ARWv/uYLU7lsuDK00d/hHSfES5BzdWAdAig1ioV5kaFNrtK8EqGcUBJhYqotlUByUKz5Qo6u8tt7iD/w==

"@esbuild/linux-arm@0.25.8":
  version "0.25.8"
  resolved "https://registry.yarnpkg.com/@esbuild/linux-arm/-/linux-arm-0.25.8.tgz#ccd9e291c24cd8d9142d819d463e2e7200d25b19"
  integrity sha512-FuzEP9BixzZohl1kLf76KEVOsxtIBFwCaLupVuk4eFVnOZfU+Wsn+x5Ryam7nILV2pkq2TqQM9EZPsOBuMC+kg==

"@esbuild/linux-ia32@0.25.8":
  version "0.25.8"
  resolved "https://registry.yarnpkg.com/@esbuild/linux-ia32/-/linux-ia32-0.25.8.tgz#006ad1536d0c2b28fb3a1cf0b53bcb85aaf92c4d"
  integrity sha512-A1D9YzRX1i+1AJZuFFUMP1E9fMaYY+GnSQil9Tlw05utlE86EKTUA7RjwHDkEitmLYiFsRd9HwKBPEftNdBfjg==

"@esbuild/linux-loong64@0.25.8":
  version "0.25.8"
  resolved "https://registry.yarnpkg.com/@esbuild/linux-loong64/-/linux-loong64-0.25.8.tgz#127b3fbfb2c2e08b1397e985932f718f09a8f5c4"
  integrity sha512-O7k1J/dwHkY1RMVvglFHl1HzutGEFFZ3kNiDMSOyUrB7WcoHGf96Sh+64nTRT26l3GMbCW01Ekh/ThKM5iI7hQ==

"@esbuild/linux-mips64el@0.25.8":
  version "0.25.8"
  resolved "https://registry.yarnpkg.com/@esbuild/linux-mips64el/-/linux-mips64el-0.25.8.tgz#837d1449517791e3fa7d82675a2d06d9f56cb340"
  integrity sha512-uv+dqfRazte3BzfMp8PAQXmdGHQt2oC/y2ovwpTteqrMx2lwaksiFZ/bdkXJC19ttTvNXBuWH53zy/aTj1FgGw==

"@esbuild/linux-ppc64@0.25.8":
  version "0.25.8"
  resolved "https://registry.yarnpkg.com/@esbuild/linux-ppc64/-/linux-ppc64-0.25.8.tgz#aa2e3bd93ab8df084212f1895ca4b03c42d9e0fe"
  integrity sha512-GyG0KcMi1GBavP5JgAkkstMGyMholMDybAf8wF5A70CALlDM2p/f7YFE7H92eDeH/VBtFJA5MT4nRPDGg4JuzQ==

"@esbuild/linux-riscv64@0.25.8":
  version "0.25.8"
  resolved "https://registry.yarnpkg.com/@esbuild/linux-riscv64/-/linux-riscv64-0.25.8.tgz#a340620e31093fef72767dd28ab04214b3442083"
  integrity sha512-rAqDYFv3yzMrq7GIcen3XP7TUEG/4LK86LUPMIz6RT8A6pRIDn0sDcvjudVZBiiTcZCY9y2SgYX2lgK3AF+1eg==

"@esbuild/linux-s390x@0.25.8":
  version "0.25.8"
  resolved "https://registry.yarnpkg.com/@esbuild/linux-s390x/-/linux-s390x-0.25.8.tgz#ddfed266c8c13f5efb3105a0cd47f6dcd0e79e71"
  integrity sha512-Xutvh6VjlbcHpsIIbwY8GVRbwoviWT19tFhgdA7DlenLGC/mbc3lBoVb7jxj9Z+eyGqvcnSyIltYUrkKzWqSvg==

"@esbuild/linux-x64@0.25.8":
  version "0.25.8"
  resolved "https://registry.yarnpkg.com/@esbuild/linux-x64/-/linux-x64-0.25.8.tgz#9a4f78c75c051e8c060183ebb39a269ba936a2ac"
  integrity sha512-ASFQhgY4ElXh3nDcOMTkQero4b1lgubskNlhIfJrsH5OKZXDpUAKBlNS0Kx81jwOBp+HCeZqmoJuihTv57/jvQ==

"@esbuild/netbsd-arm64@0.25.8":
  version "0.25.8"
  resolved "https://registry.yarnpkg.com/@esbuild/netbsd-arm64/-/netbsd-arm64-0.25.8.tgz#902c80e1d678047926387230bc037e63e00697d0"
  integrity sha512-d1KfruIeohqAi6SA+gENMuObDbEjn22olAR7egqnkCD9DGBG0wsEARotkLgXDu6c4ncgWTZJtN5vcgxzWRMzcw==

"@esbuild/netbsd-x64@0.25.8":
  version "0.25.8"
  resolved "https://registry.yarnpkg.com/@esbuild/netbsd-x64/-/netbsd-x64-0.25.8.tgz#2d9eb4692add2681ff05a14ce99de54fbed7079c"
  integrity sha512-nVDCkrvx2ua+XQNyfrujIG38+YGyuy2Ru9kKVNyh5jAys6n+l44tTtToqHjino2My8VAY6Lw9H7RI73XFi66Cg==

"@esbuild/openbsd-arm64@0.25.8":
  version "0.25.8"
  resolved "https://registry.yarnpkg.com/@esbuild/openbsd-arm64/-/openbsd-arm64-0.25.8.tgz#89c3b998c6de739db38ab7fb71a8a76b3fa84a45"
  integrity sha512-j8HgrDuSJFAujkivSMSfPQSAa5Fxbvk4rgNAS5i3K+r8s1X0p1uOO2Hl2xNsGFppOeHOLAVgYwDVlmxhq5h+SQ==

"@esbuild/openbsd-x64@0.25.8":
  version "0.25.8"
  resolved "https://registry.yarnpkg.com/@esbuild/openbsd-x64/-/openbsd-x64-0.25.8.tgz#2f01615cf472b0e48c077045cfd96b5c149365cc"
  integrity sha512-1h8MUAwa0VhNCDp6Af0HToI2TJFAn1uqT9Al6DJVzdIBAd21m/G0Yfc77KDM3uF3T/YaOgQq3qTJHPbTOInaIQ==

"@esbuild/openharmony-arm64@0.25.8":
  version "0.25.8"
  resolved "https://registry.yarnpkg.com/@esbuild/openharmony-arm64/-/openharmony-arm64-0.25.8.tgz#a201f720cd2c3ebf9a6033fcc3feb069a54b509a"
  integrity sha512-r2nVa5SIK9tSWd0kJd9HCffnDHKchTGikb//9c7HX+r+wHYCpQrSgxhlY6KWV1nFo1l4KFbsMlHk+L6fekLsUg==

"@esbuild/sunos-x64@0.25.8":
  version "0.25.8"
  resolved "https://registry.yarnpkg.com/@esbuild/sunos-x64/-/sunos-x64-0.25.8.tgz#07046c977985a3334667f19e6ab3a01a80862afb"
  integrity sha512-zUlaP2S12YhQ2UzUfcCuMDHQFJyKABkAjvO5YSndMiIkMimPmxA+BYSBikWgsRpvyxuRnow4nS5NPnf9fpv41w==

"@esbuild/win32-arm64@0.25.8":
  version "0.25.8"
  resolved "https://registry.yarnpkg.com/@esbuild/win32-arm64/-/win32-arm64-0.25.8.tgz#4a5470caf0d16127c05d4833d4934213c69392d1"
  integrity sha512-YEGFFWESlPva8hGL+zvj2z/SaK+pH0SwOM0Nc/d+rVnW7GSTFlLBGzZkuSU9kFIGIo8q9X3ucpZhu8PDN5A2sQ==

"@esbuild/win32-ia32@0.25.8":
  version "0.25.8"
  resolved "https://registry.yarnpkg.com/@esbuild/win32-ia32/-/win32-ia32-0.25.8.tgz#3de3e8470b7b328d99dbc3e9ec1eace207e5bbc4"
  integrity sha512-hiGgGC6KZ5LZz58OL/+qVVoZiuZlUYlYHNAmczOm7bs2oE1XriPFi5ZHHrS8ACpV5EjySrnoCKmcbQMN+ojnHg==

"@esbuild/win32-x64@0.25.8":
  version "0.25.8"
  resolved "https://registry.npmjs.org/@esbuild/win32-x64/-/win32-x64-0.25.8.tgz"
  integrity sha512-cn3Yr7+OaaZq1c+2pe+8yxC8E144SReCQjN6/2ynubzYjvyqZjTXfQJpAcQpsdJq3My7XADANiYGHoFC69pLQw==

"@floating-ui/core@^1.7.2":
  version "1.7.2"
  resolved "https://registry.npmjs.org/@floating-ui/core/-/core-1.7.2.tgz"
  integrity sha512-wNB5ooIKHQc+Kui96jE/n69rHFWAVoxn5CAzL1Xdd8FG03cgY3MLO+GF9U3W737fYDSgPWA6MReKhBQBop6Pcw==
  dependencies:
    "@floating-ui/utils" "^0.2.10"

"@floating-ui/dom@^1.7.2":
  version "1.7.2"
  resolved "https://registry.npmjs.org/@floating-ui/dom/-/dom-1.7.2.tgz"
  integrity sha512-7cfaOQuCS27HD7DX+6ib2OrnW+b4ZBwDNnCcT0uTyidcmyWb03FnQqJybDBoCnpdxwBSfA94UAYlRCt7mV+TbA==
  dependencies:
    "@floating-ui/core" "^1.7.2"
    "@floating-ui/utils" "^0.2.10"

"@floating-ui/react-dom@^2.0.0":
  version "2.1.4"
  resolved "https://registry.npmjs.org/@floating-ui/react-dom/-/react-dom-2.1.4.tgz"
  integrity sha512-JbbpPhp38UmXDDAu60RJmbeme37Jbgsm7NrHGgzYYFKmblzRUh6Pa641dII6LsjwF4XlScDrde2UAzDo/b9KPw==
  dependencies:
    "@floating-ui/dom" "^1.7.2"

"@floating-ui/utils@^0.2.10":
  version "0.2.10"
  resolved "https://registry.npmjs.org/@floating-ui/utils/-/utils-0.2.10.tgz"
  integrity sha512-aGTxbpbg8/b5JfU1HXSrbH3wXZuLPJcNEcZQFMxLs3oSzgtVu6nFPkbbGGUvBcUjKV2YyB9Wxxabo+HEH9tcRQ==

"@radix-ui/primitive@1.1.2":
  version "1.1.2"
  resolved "https://registry.npmjs.org/@radix-ui/primitive/-/primitive-1.1.2.tgz"
  integrity sha512-XnbHrrprsNqZKQhStrSwgRUQzoCI1glLzdw79xiZPoofhGICeZRSQ3dIxAKH1gb3OHfNf4d6f+vAv3kil2eggA==

"@radix-ui/react-arrow@1.1.7":
  version "1.1.7"
  resolved "https://registry.npmjs.org/@radix-ui/react-arrow/-/react-arrow-1.1.7.tgz"
  integrity sha512-F+M1tLhO+mlQaOWspE8Wstg+z6PwxwRd8oQ8IXceWz92kfAmalTRf0EjrouQeo7QssEPfCn05B4Ihs1K9WQ/7w==
  dependencies:
    "@radix-ui/react-primitive" "2.1.3"

"@radix-ui/react-compose-refs@1.1.2":
  version "1.1.2"
  resolved "https://registry.npmjs.org/@radix-ui/react-compose-refs/-/react-compose-refs-1.1.2.tgz"
  integrity sha512-z4eqJvfiNnFMHIIvXP3CY57y2WJs5g2v3X0zm9mEJkrkNv4rDxu+sg9Jh8EkXyeqBkB7SOcboo9dMVqhyrACIg==

"@radix-ui/react-context@1.1.2":
  version "1.1.2"
  resolved "https://registry.npmjs.org/@radix-ui/react-context/-/react-context-1.1.2.tgz"
  integrity sha512-jCi/QKUM2r1Ju5a3J64TH2A5SpKAgh0LpknyqdQ4m6DCV0xJ2HG1xARRwNGPQfi1SLdLWZ1OJz6F4OMBBNiGJA==

"@radix-ui/react-dismissable-layer@1.1.10":
  version "1.1.10"
  resolved "https://registry.npmjs.org/@radix-ui/react-dismissable-layer/-/react-dismissable-layer-1.1.10.tgz"
  integrity sha512-IM1zzRV4W3HtVgftdQiiOmA0AdJlCtMLe00FXaHwgt3rAnNsIyDqshvkIW3hj/iu5hu8ERP7KIYki6NkqDxAwQ==
  dependencies:
    "@radix-ui/primitive" "1.1.2"
    "@radix-ui/react-compose-refs" "1.1.2"
    "@radix-ui/react-primitive" "2.1.3"
    "@radix-ui/react-use-callback-ref" "1.1.1"
    "@radix-ui/react-use-escape-keydown" "1.1.1"

"@radix-ui/react-id@1.1.1":
  version "1.1.1"
  resolved "https://registry.npmjs.org/@radix-ui/react-id/-/react-id-1.1.1.tgz"
  integrity sha512-kGkGegYIdQsOb4XjsfM97rXsiHaBwco+hFI66oO4s9LU+PLAC5oJ7khdOVFxkhsmlbpUqDAvXw11CluXP+jkHg==
  dependencies:
    "@radix-ui/react-use-layout-effect" "1.1.1"

"@radix-ui/react-popper@1.2.7":
  version "1.2.7"
  resolved "https://registry.npmjs.org/@radix-ui/react-popper/-/react-popper-1.2.7.tgz"
  integrity sha512-IUFAccz1JyKcf/RjB552PlWwxjeCJB8/4KxT7EhBHOJM+mN7LdW+B3kacJXILm32xawcMMjb2i0cIZpo+f9kiQ==
  dependencies:
    "@floating-ui/react-dom" "^2.0.0"
    "@radix-ui/react-arrow" "1.1.7"
    "@radix-ui/react-compose-refs" "1.1.2"
    "@radix-ui/react-context" "1.1.2"
    "@radix-ui/react-primitive" "2.1.3"
    "@radix-ui/react-use-callback-ref" "1.1.1"
    "@radix-ui/react-use-layout-effect" "1.1.1"
    "@radix-ui/react-use-rect" "1.1.1"
    "@radix-ui/react-use-size" "1.1.1"
    "@radix-ui/rect" "1.1.1"

"@radix-ui/react-portal@1.1.9":
  version "1.1.9"
  resolved "https://registry.npmjs.org/@radix-ui/react-portal/-/react-portal-1.1.9.tgz"
  integrity sha512-bpIxvq03if6UNwXZ+HTK71JLh4APvnXntDc6XOX8UVq4XQOVl7lwok0AvIl+b8zgCw3fSaVTZMpAPPagXbKmHQ==
  dependencies:
    "@radix-ui/react-primitive" "2.1.3"
    "@radix-ui/react-use-layout-effect" "1.1.1"

"@radix-ui/react-presence@1.1.4":
  version "1.1.4"
  resolved "https://registry.npmjs.org/@radix-ui/react-presence/-/react-presence-1.1.4.tgz"
  integrity sha512-ueDqRbdc4/bkaQT3GIpLQssRlFgWaL/U2z/S31qRwwLWoxHLgry3SIfCwhxeQNbirEUXFa+lq3RL3oBYXtcmIA==
  dependencies:
    "@radix-ui/react-compose-refs" "1.1.2"
    "@radix-ui/react-use-layout-effect" "1.1.1"

"@radix-ui/react-primitive@2.1.3":
  version "2.1.3"
  resolved "https://registry.npmjs.org/@radix-ui/react-primitive/-/react-primitive-2.1.3.tgz"
  integrity sha512-m9gTwRkhy2lvCPe6QJp4d3G1TYEUHn/FzJUtq9MjH46an1wJU+GdoGC5VLof8RX8Ft/DlpshApkhswDLZzHIcQ==
  dependencies:
    "@radix-ui/react-slot" "1.2.3"

"@radix-ui/react-slot@1.2.3":
  version "1.2.3"
  resolved "https://registry.npmjs.org/@radix-ui/react-slot/-/react-slot-1.2.3.tgz"
  integrity sha512-aeNmHnBxbi2St0au6VBVC7JXFlhLlOnvIIlePNniyUNAClzmtAUEY8/pBiK3iHjufOlwA+c20/8jngo7xcrg8A==
  dependencies:
    "@radix-ui/react-compose-refs" "1.1.2"

"@radix-ui/react-tooltip@^1.2.7":
  version "1.2.7"
  resolved "https://registry.npmjs.org/@radix-ui/react-tooltip/-/react-tooltip-1.2.7.tgz"
  integrity sha512-Ap+fNYwKTYJ9pzqW+Xe2HtMRbQ/EeWkj2qykZ6SuEV4iS/o1bZI5ssJbk4D2r8XuDuOBVz/tIx2JObtuqU+5Zw==
  dependencies:
    "@radix-ui/primitive" "1.1.2"
    "@radix-ui/react-compose-refs" "1.1.2"
    "@radix-ui/react-context" "1.1.2"
    "@radix-ui/react-dismissable-layer" "1.1.10"
    "@radix-ui/react-id" "1.1.1"
    "@radix-ui/react-popper" "1.2.7"
    "@radix-ui/react-portal" "1.1.9"
    "@radix-ui/react-presence" "1.1.4"
    "@radix-ui/react-primitive" "2.1.3"
    "@radix-ui/react-slot" "1.2.3"
    "@radix-ui/react-use-controllable-state" "1.2.2"
    "@radix-ui/react-visually-hidden" "1.2.3"

"@radix-ui/react-use-callback-ref@1.1.1":
  version "1.1.1"
  resolved "https://registry.npmjs.org/@radix-ui/react-use-callback-ref/-/react-use-callback-ref-1.1.1.tgz"
  integrity sha512-FkBMwD+qbGQeMu1cOHnuGB6x4yzPjho8ap5WtbEJ26umhgqVXbhekKUQO+hZEL1vU92a3wHwdp0HAcqAUF5iDg==

"@radix-ui/react-use-controllable-state@1.2.2":
  version "1.2.2"
  resolved "https://registry.npmjs.org/@radix-ui/react-use-controllable-state/-/react-use-controllable-state-1.2.2.tgz"
  integrity sha512-BjasUjixPFdS+NKkypcyyN5Pmg83Olst0+c6vGov0diwTEo6mgdqVR6hxcEgFuh4QrAs7Rc+9KuGJ9TVCj0Zzg==
  dependencies:
    "@radix-ui/react-use-effect-event" "0.0.2"
    "@radix-ui/react-use-layout-effect" "1.1.1"

"@radix-ui/react-use-effect-event@0.0.2":
  version "0.0.2"
  resolved "https://registry.npmjs.org/@radix-ui/react-use-effect-event/-/react-use-effect-event-0.0.2.tgz"
  integrity sha512-Qp8WbZOBe+blgpuUT+lw2xheLP8q0oatc9UpmiemEICxGvFLYmHm9QowVZGHtJlGbS6A6yJ3iViad/2cVjnOiA==
  dependencies:
    "@radix-ui/react-use-layout-effect" "1.1.1"

"@radix-ui/react-use-escape-keydown@1.1.1":
  version "1.1.1"
  resolved "https://registry.npmjs.org/@radix-ui/react-use-escape-keydown/-/react-use-escape-keydown-1.1.1.tgz"
  integrity sha512-Il0+boE7w/XebUHyBjroE+DbByORGR9KKmITzbR7MyQ4akpORYP/ZmbhAr0DG7RmmBqoOnZdy2QlvajJ2QA59g==
  dependencies:
    "@radix-ui/react-use-callback-ref" "1.1.1"

"@radix-ui/react-use-layout-effect@1.1.1":
  version "1.1.1"
  resolved "https://registry.npmjs.org/@radix-ui/react-use-layout-effect/-/react-use-layout-effect-1.1.1.tgz"
  integrity sha512-RbJRS4UWQFkzHTTwVymMTUv8EqYhOp8dOOviLj2ugtTiXRaRQS7GLGxZTLL1jWhMeoSCf5zmcZkqTl9IiYfXcQ==

"@radix-ui/react-use-rect@1.1.1":
  version "1.1.1"
  resolved "https://registry.npmjs.org/@radix-ui/react-use-rect/-/react-use-rect-1.1.1.tgz"
  integrity sha512-QTYuDesS0VtuHNNvMh+CjlKJ4LJickCMUAqjlE3+j8w+RlRpwyX3apEQKGFzbZGdo7XNG1tXa+bQqIE7HIXT2w==
  dependencies:
    "@radix-ui/rect" "1.1.1"

"@radix-ui/react-use-size@1.1.1":
  version "1.1.1"
  resolved "https://registry.npmjs.org/@radix-ui/react-use-size/-/react-use-size-1.1.1.tgz"
  integrity sha512-ewrXRDTAqAXlkl6t/fkXWNAhFX9I+CkKlw6zjEwk86RSPKwZr3xpBRso655aqYafwtnbpHLj6toFzmd6xdVptQ==
  dependencies:
    "@radix-ui/react-use-layout-effect" "1.1.1"

"@radix-ui/react-visually-hidden@1.2.3":
  version "1.2.3"
  resolved "https://registry.npmjs.org/@radix-ui/react-visually-hidden/-/react-visually-hidden-1.2.3.tgz"
  integrity sha512-pzJq12tEaaIhqjbzpCuv/OypJY/BPavOofm+dbab+MHLajy277+1lLm6JFcGgF5eskJ6mquGirhXY2GD/8u8Ug==
  dependencies:
    "@radix-ui/react-primitive" "2.1.3"

"@radix-ui/rect@1.1.1":
  version "1.1.1"
  resolved "https://registry.npmjs.org/@radix-ui/rect/-/rect-1.1.1.tgz"
  integrity sha512-HPwpGIzkl28mWyZqG52jiqDJ12waP11Pa1lGoiyUkIEuMLBP0oeK/C89esbXrxsky5we7dfd8U58nm0SgAWpVw==

"@rollup/rollup-android-arm-eabi@4.45.3":
  version "4.45.3"
  resolved "https://registry.yarnpkg.com/@rollup/rollup-android-arm-eabi/-/rollup-android-arm-eabi-4.45.3.tgz#0b5958277ea4e4ad811ac08ad7fab3004698ca28"
  integrity sha512-8oQkCTve4H4B4JpmD2FV7fV2ZPTxJHN//bRhCqPUU8v6c5APlxteAXyc7BFaEb4aGpUzrPLU4PoAcGhwmRzZTA==

"@rollup/rollup-android-arm64@4.45.3":
  version "4.45.3"
  resolved "https://registry.yarnpkg.com/@rollup/rollup-android-arm64/-/rollup-android-arm64-4.45.3.tgz#8ef8b51a8de699ea7e67aa1baa94d9918dc29b60"
  integrity sha512-StOsmdXHU2hx3UFTTs6yYxCSwSIgLsfjUBICXyWj625M32OOjakXlaZuGKL+jA3Nvv35+hMxrm/64eCoT07SYQ==

"@rollup/rollup-darwin-arm64@4.45.3":
  version "4.45.3"
  resolved "https://registry.yarnpkg.com/@rollup/rollup-darwin-arm64/-/rollup-darwin-arm64-4.45.3.tgz#c2720b34201d14f078b84022057bb8536a46ea04"
  integrity sha512-6CfLF3eqKhCdhK0GUnR5ZS99OFz+dtOeB/uePznLKxjCsk5QjT/V0eSEBb4vj+o/ri3i35MseSEQHCLLAgClVw==

"@rollup/rollup-darwin-x64@4.45.3":
  version "4.45.3"
  resolved "https://registry.yarnpkg.com/@rollup/rollup-darwin-x64/-/rollup-darwin-x64-4.45.3.tgz#f24f1c3681bca3a1403bd6695955bdfbd2efa925"
  integrity sha512-QLWyWmAJG9elNTNLdcSXUT/M+J7DhEmvs1XPHYcgYkse3UHf9iWTJ+yTPlKMIetiQnNi+cNp+gY4gvjDpREfKw==

"@rollup/rollup-freebsd-arm64@4.45.3":
  version "4.45.3"
  resolved "https://registry.yarnpkg.com/@rollup/rollup-freebsd-arm64/-/rollup-freebsd-arm64-4.45.3.tgz#2043d93cecb444248989b37615b3113c977a439b"
  integrity sha512-ZOvBq+5nL0yrZIEo1eq6r7MPvkJ8kC1XATS/yHvcq3WbDNKNKBQ1uIF4hicyzDMoJt72G+sn1nKsFXpifZyRDA==

"@rollup/rollup-freebsd-x64@4.45.3":
  version "4.45.3"
  resolved "https://registry.yarnpkg.com/@rollup/rollup-freebsd-x64/-/rollup-freebsd-x64-4.45.3.tgz#661651a4170059365e88b801baf65a160c5541e4"
  integrity sha512-AYvGR07wecEnyYSovyJ71pTOulbNvsrpRpK6i/IM1b0UGX1vFx51afYuPYPxnvE9aCl5xPnhQicEvdIMxClRgQ==

"@rollup/rollup-linux-arm-gnueabihf@4.45.3":
  version "4.45.3"
  resolved "https://registry.yarnpkg.com/@rollup/rollup-linux-arm-gnueabihf/-/rollup-linux-arm-gnueabihf-4.45.3.tgz#709aef0070048462dff346a82eff0d66e0a03e35"
  integrity sha512-Yx8Cp38tfRRToVLuIWzBHV25/QPzpUreOPIiUuNV7KahNPurYg2pYQ4l7aYnvpvklO1riX4643bXLvDsYSBIrA==

"@rollup/rollup-linux-arm-musleabihf@4.45.3":
  version "4.45.3"
  resolved "https://registry.yarnpkg.com/@rollup/rollup-linux-arm-musleabihf/-/rollup-linux-arm-musleabihf-4.45.3.tgz#762697b38807c9fc8cb837882f56a3e3280315bf"
  integrity sha512-4dIYRNxlXGDKnO6qgcda6LxnObPO6r1OBU9HG8F9pAnHHLtfbiOqCzDvkeHknx+5mfFVH4tWOl+h+cHylwsPWA==

"@rollup/rollup-linux-arm64-gnu@4.45.3":
  version "4.45.3"
  resolved "https://registry.yarnpkg.com/@rollup/rollup-linux-arm64-gnu/-/rollup-linux-arm64-gnu-4.45.3.tgz#deab5f779b88f9b5aa5158887eb016d319db213d"
  integrity sha512-M6uVlWKmhLN7LguLDu6396K1W5IBlAaRonjlHQgc3s4dOGceu0FeBuvbXiUPYvup/6b5Ln7IEX7XNm68DN4vrg==

"@rollup/rollup-linux-arm64-musl@4.45.3":
  version "4.45.3"
  resolved "https://registry.yarnpkg.com/@rollup/rollup-linux-arm64-musl/-/rollup-linux-arm64-musl-4.45.3.tgz#5dc84ae2ebf1a0a44b665b189c68f4e566ef8081"
  integrity sha512-emaYiOTQJUd6fC9a6jcw9zIWtzaUiuBC+vomggaM4In2iOra/lA6IMHlqZqQZr08NYXrOPMVigreLMeSAwv3Uw==

"@rollup/rollup-linux-loongarch64-gnu@4.45.3":
  version "4.45.3"
  resolved "https://registry.yarnpkg.com/@rollup/rollup-linux-loongarch64-gnu/-/rollup-linux-loongarch64-gnu-4.45.3.tgz#7a81a80967645f449d9cea1323cc4ad332353879"
  integrity sha512-3P77T5AQ4UfVRJSrTKLiUZDJ6XsxeP80027bp6mOFh8sevSD038mYuIYFiUtrSJxxgFb+NgRJFF9oIa0rlUsmg==

"@rollup/rollup-linux-ppc64-gnu@4.45.3":
  version "4.45.3"
  resolved "https://registry.yarnpkg.com/@rollup/rollup-linux-ppc64-gnu/-/rollup-linux-ppc64-gnu-4.45.3.tgz#854cb262087015be2b87feb1214917d9cdaacd15"
  integrity sha512-/VPH3ZVeSlmCBPhZdx/+4dMXDjaGMhDsWOBo9EwSkGbw2+OAqaslL53Ao2OqCxR0GgYjmmssJ+OoG+qYGE7IBg==

"@rollup/rollup-linux-riscv64-gnu@4.45.3":
  version "4.45.3"
  resolved "https://registry.yarnpkg.com/@rollup/rollup-linux-riscv64-gnu/-/rollup-linux-riscv64-gnu-4.45.3.tgz#3d13ca09c9fda0d47c2e642f285fa7f250a06e02"
  integrity sha512-Hs5if0PjROl1MGMmZX3xMAIfqcGxQE2SJWUr/CpDQsOQn43Wq4IvXXxUMWtiY/BrzdqCCJlRgJ5DKxzS3qWkCw==

"@rollup/rollup-linux-riscv64-musl@4.45.3":
  version "4.45.3"
  resolved "https://registry.yarnpkg.com/@rollup/rollup-linux-riscv64-musl/-/rollup-linux-riscv64-musl-4.45.3.tgz#c88a78bdcb0307ee9c8bf27288c061e90bffa985"
  integrity sha512-Qm0WOwh3Lk388+HJFl1ILGbd2iOoQf6yl4fdGqOjBzEA+5JYbLcwd+sGsZjs5pkt8Cr/1G42EiXmlRp9ZeTvFA==

"@rollup/rollup-linux-s390x-gnu@4.45.3":
  version "4.45.3"
  resolved "https://registry.yarnpkg.com/@rollup/rollup-linux-s390x-gnu/-/rollup-linux-s390x-gnu-4.45.3.tgz#de344927b2fb240129c88e44798757dcedc58c14"
  integrity sha512-VJdknTaYw+TqXzlh9c7vaVMh/fV2sU8Khfk4a9vAdYXJawpjf6z3U1k7vDWx2IQ9ZOPoOPxgVpDfYOYhxD7QUA==

"@rollup/rollup-linux-x64-gnu@4.45.3":
  version "4.45.3"
  resolved "https://registry.yarnpkg.com/@rollup/rollup-linux-x64-gnu/-/rollup-linux-x64-gnu-4.45.3.tgz#d4137cdf72bc2cba7a9cdcab6a7d4f5cfa8b7f50"
  integrity sha512-SUDXU5YabLAMl86FpupSQQEWzVG8X0HM+Q/famnJusbPiUgQnTGuSxtxg4UAYgv1ZmRV1nioYYXsgtSokU/7+Q==

"@rollup/rollup-linux-x64-musl@4.45.3":
  version "4.45.3"
  resolved "https://registry.yarnpkg.com/@rollup/rollup-linux-x64-musl/-/rollup-linux-x64-musl-4.45.3.tgz#9b9077aedbdd8ce1d48f4451879be90609c58f68"
  integrity sha512-ezmqknOUFgZMN6wW+Avlo4sXF3Frswd+ncrwMz4duyZ5Eqd+dAYgJ+A1MY+12LNZ7XDhCiijJceueYvtnzdviw==

"@rollup/rollup-win32-arm64-msvc@4.45.3":
  version "4.45.3"
  resolved "https://registry.yarnpkg.com/@rollup/rollup-win32-arm64-msvc/-/rollup-win32-arm64-msvc-4.45.3.tgz#9cb0b12fa1c6109ee1475d3b2274693d48044a02"
  integrity sha512-1YfXoUEE++gIW66zNB9Twd0Ua5xCXpfYppFUxVT/Io5ZT3fO6Se+C/Jvmh3usaIHHyi53t3kpfjydO2GAy5eBA==

"@rollup/rollup-win32-ia32-msvc@4.45.3":
  version "4.45.3"
  resolved "https://registry.yarnpkg.com/@rollup/rollup-win32-ia32-msvc/-/rollup-win32-ia32-msvc-4.45.3.tgz#ba172c28e1c04bfc342b600d84bfc42afb952704"
  integrity sha512-Iok2YA3PvC163rVZf2Zy81A0g88IUcSPeU5pOilcbICXre2EP1mxn1Db/l09Z/SK1vdSLtpJXAnwGuMOyf5O9g==

"@rollup/rollup-win32-x64-msvc@4.45.3":
  version "4.45.3"
  resolved "https://registry.npmjs.org/@rollup/rollup-win32-x64-msvc/-/rollup-win32-x64-msvc-4.45.3.tgz"
  integrity sha512-HwHCH5GQTOeGYP5wBEBXFVhfQecwRl24Rugoqhh8YwGarsU09bHhOKuqlyW4ZolZCan3eTUax7UJbGSmKSM51A==

"@types/cors@^2.8.19":
  version "2.8.19"
  resolved "https://registry.npmjs.org/@types/cors/-/cors-2.8.19.tgz"
  integrity sha512-mFNylyeyqN93lfe/9CSxOGREz8cpzAhH+E93xJ4xWQf62V8sQ/24reV2nyzUWM6H6Xji+GGHpkbLe7pVoUEskg==
  dependencies:
    "@types/node" "*"

"@types/estree@1.0.8":
  version "1.0.8"
  resolved "https://registry.npmjs.org/@types/estree/-/estree-1.0.8.tgz"
  integrity sha512-dWHzHa2WqEXI/O1E9OjrocMTKJl2mSrEolh1Iomrv6U+JuNwaHXsXx9bLu5gG7BUWFIN0skIQJQ/L1rIex4X6w==

"@types/node@*", "@types/node@^24.1.0":
  version "24.1.0"
  resolved "https://registry.npmjs.org/@types/node/-/node-24.1.0.tgz"
  integrity sha512-ut5FthK5moxFKH2T1CUOC6ctR67rQRvvHdFLCD2Ql6KXmMuCrjsSsRI9UsLCm9M18BMwClv4pn327UvB7eeO1w==
  dependencies:
    undici-types "~7.8.0"

ansi-regex@^5.0.1:
  version "5.0.1"
  resolved "https://registry.npmjs.org/ansi-regex/-/ansi-regex-5.0.1.tgz"
  integrity sha512-quJQXlTSUGL2LH9SUXo8VwsY4soanhgo6LNSm84E1LBcE8s3O0wpdiRzyR9z/ZZJMlMWv37qOOb9pdJlMUEKFQ==

ansi-styles@^4.0.0, ansi-styles@^4.1.0:
  version "4.3.0"
  resolved "https://registry.npmjs.org/ansi-styles/-/ansi-styles-4.3.0.tgz"
  integrity sha512-zbB9rCJAT1rbjiVDb2hqKFHNYLxgtk8NURxZ3IZwD3F6NtxbXZQCnnSi1Lkx+IDohdPlFp222wVALIheZJQSEg==
  dependencies:
    color-convert "^2.0.1"

chalk@^4.1.2:
  version "4.1.2"
  resolved "https://registry.npmjs.org/chalk/-/chalk-4.1.2.tgz"
  integrity sha512-oKnbhFyRIXpUuez8iBMmyEa4nbj4IOQyuhc/wy9kY7/WVPcwIO9VA668Pu8RkO7+0G76SLROeyw9CpQ061i4mA==
  dependencies:
    ansi-styles "^4.1.0"
    supports-color "^7.1.0"

cliui@^8.0.1:
  version "8.0.1"
  resolved "https://registry.npmjs.org/cliui/-/cliui-8.0.1.tgz"
  integrity sha512-BSeNnyus75C4//NQ9gQt1/csTXyo/8Sb+afLAkzAptFuMsod9HFokGNudZpi/oQV73hnVK+sR+5PVRMd+Dr7YQ==
  dependencies:
    string-width "^4.2.0"
    strip-ansi "^6.0.1"
    wrap-ansi "^7.0.0"

color-convert@^2.0.1:
  version "2.0.1"
  resolved "https://registry.npmjs.org/color-convert/-/color-convert-2.0.1.tgz"
  integrity sha512-RRECPsj7iu/xb5oKYcsFHSppFNnsj/52OVTRKb4zP5onXwVF3zVmmToNcOfGC+CRDpfK/U584fMg38ZHCaElKQ==
  dependencies:
    color-name "~1.1.4"

color-name@~1.1.4:
  version "1.1.4"
  resolved "https://registry.npmjs.org/color-name/-/color-name-1.1.4.tgz"
  integrity sha512-dOy+3AuW3a2wNbZHIuMZpTcgjGuLU/uBL/ubcZF9OXbDo8ff4O8yVp5Bf0efS8uEoYo5q4Fx7dY9OgQGXgAsQA==

concurrently@^8.2.0:
  version "8.2.2"
  resolved "https://registry.npmjs.org/concurrently/-/concurrently-8.2.2.tgz"
  integrity sha512-1dP4gpXFhei8IOtlXRE/T/4H88ElHgTiUzh71YUmtjTEHMSRS2Z/fgOxHSxxusGHogsRfxNq1vyAwxSC+EVyDg==
  dependencies:
    chalk "^4.1.2"
    date-fns "^2.30.0"
    lodash "^4.17.21"
    rxjs "^7.8.1"
    shell-quote "^1.8.1"
    spawn-command "0.0.2"
    supports-color "^8.1.1"
    tree-kill "^1.2.2"
    yargs "^17.7.2"

cors@^2.8.5:
  version "2.8.5"
  resolved "https://registry.npmjs.org/cors/-/cors-2.8.5.tgz"
  integrity sha512-KIHbLJqu73RGr/hnbrO9uBeixNGuvSQjul/jdFvS/KFSIH1hWVd1ng7zOHx+YrEfInLG7q4n6GHQ9cDtxv/P6g==
  dependencies:
    object-assign "^4"
    vary "^1"

date-fns@^2.30.0:
  version "2.30.0"
  resolved "https://registry.npmjs.org/date-fns/-/date-fns-2.30.0.tgz"
  integrity sha512-fnULvOpxnC5/Vg3NCiWelDsLiUc9bRwAPs/+LfTLNvetFCtCTN+yQz15C/fs4AwX1R9K5GLtLfn8QW+dWisaAw==
  dependencies:
    "@babel/runtime" "^7.21.0"

drizzle-orm@^0.44.4:
  version "0.44.4"
  resolved "https://registry.yarnpkg.com/drizzle-orm/-/drizzle-orm-0.44.4.tgz#93377d57dc39020a4e5e961dd259461c28dde88c"
  integrity sha512-ZyzKFpTC/Ut3fIqc2c0dPZ6nhchQXriTsqTNs4ayRgl6sZcFlMs9QZKPSHXK4bdOf41GHGWf+FrpcDDYwW+W6Q==

drizzle-zod@^0.8.2:
  version "0.8.2"
  resolved "https://registry.yarnpkg.com/drizzle-zod/-/drizzle-zod-0.8.2.tgz#751deecd3dc65de049c17d54940acb5031dc86c2"
  integrity sha512-9Do/16OjFFNrQDZgvMtxtDDwKWbFOxUAIwNPKX98SfxrP8H18vhN1BvNXbhelLcdgCE7GEaXDJqBjMExSkhpkA==

emoji-regex@^8.0.0:
  version "8.0.0"
  resolved "https://registry.npmjs.org/emoji-regex/-/emoji-regex-8.0.0.tgz"
  integrity sha512-MSjYzcWNOA0ewAHpz0MxpYFvwg6yjy1NG3xteoqz644VCo/RPgnr1/GGt+ic3iJTzQ8Eu3TdM14SawnVUmGE6A==

esbuild@^0.25.0:
  version "0.25.8"
  resolved "https://registry.npmjs.org/esbuild/-/esbuild-0.25.8.tgz"
  integrity sha512-vVC0USHGtMi8+R4Kz8rt6JhEWLxsv9Rnu/lGYbPR8u47B+DCBksq9JarW0zOO7bs37hyOK1l2/oqtbciutL5+Q==
  optionalDependencies:
    "@esbuild/aix-ppc64" "0.25.8"
    "@esbuild/android-arm" "0.25.8"
    "@esbuild/android-arm64" "0.25.8"
    "@esbuild/android-x64" "0.25.8"
    "@esbuild/darwin-arm64" "0.25.8"
    "@esbuild/darwin-x64" "0.25.8"
    "@esbuild/freebsd-arm64" "0.25.8"
    "@esbuild/freebsd-x64" "0.25.8"
    "@esbuild/linux-arm" "0.25.8"
    "@esbuild/linux-arm64" "0.25.8"
    "@esbuild/linux-ia32" "0.25.8"
    "@esbuild/linux-loong64" "0.25.8"
    "@esbuild/linux-mips64el" "0.25.8"
    "@esbuild/linux-ppc64" "0.25.8"
    "@esbuild/linux-riscv64" "0.25.8"
    "@esbuild/linux-s390x" "0.25.8"
    "@esbuild/linux-x64" "0.25.8"
    "@esbuild/netbsd-arm64" "0.25.8"
    "@esbuild/netbsd-x64" "0.25.8"
    "@esbuild/openbsd-arm64" "0.25.8"
    "@esbuild/openbsd-x64" "0.25.8"
    "@esbuild/openharmony-arm64" "0.25.8"
    "@esbuild/sunos-x64" "0.25.8"
    "@esbuild/win32-arm64" "0.25.8"
    "@esbuild/win32-ia32" "0.25.8"
    "@esbuild/win32-x64" "0.25.8"

escalade@^3.1.1:
  version "3.2.0"
  resolved "https://registry.npmjs.org/escalade/-/escalade-3.2.0.tgz"
  integrity sha512-WUj2qlxaQtO4g6Pq5c29GTcWGDyd8itL8zTlipgECz3JesAiiOKotd8JU6otB3PACgG6xkJUyVhboMS+bje/jA==

fdir@^6.4.4, fdir@^6.4.6:
  version "6.4.6"
  resolved "https://registry.npmjs.org/fdir/-/fdir-6.4.6.tgz"
  integrity sha512-hiFoqpyZcfNm1yc4u8oWCf9A2c4D3QjCrks3zmoVKVxpQRzmPNar1hUJcBG2RQHvEVGDN+Jm81ZheVLAQMK6+w==

fsevents@~2.3.2, fsevents@~2.3.3:
  version "2.3.3"
  resolved "https://registry.yarnpkg.com/fsevents/-/fsevents-2.3.3.tgz#cac6407785d03675a2a5e1a5305c697b347d90d6"
  integrity sha512-5xoDfX+fL7faATnagmWPpbFtwh/R77WmMMqqHGS65C3vvB0YHrgF+B1YmZ3441tMj5n63k0212XNoJwzlhffQw==

get-caller-file@^2.0.5:
  version "2.0.5"
  resolved "https://registry.npmjs.org/get-caller-file/-/get-caller-file-2.0.5.tgz"
  integrity sha512-DyFP3BM/3YHTQOCUL/w0OZHR0lpKeGrxotcHWcqNEdnltqFwXVfhEBQ94eIo34AfQpo0rGki4cyIiftY06h2Fg==

has-flag@^4.0.0:
  version "4.0.0"
  resolved "https://registry.npmjs.org/has-flag/-/has-flag-4.0.0.tgz"
  integrity sha512-EykJT/Q1KjTWctppgIAgfSO0tKVuZUjhgMr17kqTumMl6Afv3EISleU7qZUzoXDFTAHTDC4NOoG/ZxU3EvlMPQ==

is-fullwidth-code-point@^3.0.0:
  version "3.0.0"
  resolved "https://registry.npmjs.org/is-fullwidth-code-point/-/is-fullwidth-code-point-3.0.0.tgz"
  integrity sha512-zymm5+u+sCsSWyD9qNaejV3DFvhCKclKdizYaJUuHA83RLjb7nSuGnddCHGv0hk+KY7BMAlsWeK4Ueg6EV6XQg==

lodash@^4.17.21:
  version "4.17.21"
  resolved "https://registry.npmjs.org/lodash/-/lodash-4.17.21.tgz"
  integrity sha512-v2kDEe57lecTulaDIuNTPy3Ry4gLGJ6Z1O3vE1krgXZNrsQ+LFTGHVxVjcXPs17LhbZVGedAJv8XZ1tvj5FvSg==

nanoid@^3.3.11:
  version "3.3.11"
  resolved "https://registry.npmjs.org/nanoid/-/nanoid-3.3.11.tgz"
  integrity sha512-N8SpfPUnUp1bK+PMYW8qSWdl9U+wwNWI4QKxOYDy9JAro3WMX7p2OeVRF9v+347pnakNevPmiHhNmZ2HbFA76w==

object-assign@^4:
  version "4.1.1"
  resolved "https://registry.npmjs.org/object-assign/-/object-assign-4.1.1.tgz"
  integrity sha512-rJgTQnkUnH1sFw8yT6VSU3zD3sWmu6sZhIseY8VX+GRu3P6F7Fu+JNDoXfklElbLJSnc3FUQHVe4cU5hj+BcUg==

pg-cloudflare@^1.2.7:
  version "1.2.7"
  resolved "https://registry.yarnpkg.com/pg-cloudflare/-/pg-cloudflare-1.2.7.tgz#a1f3d226bab2c45ae75ea54d65ec05ac6cfafbef"
  integrity sha512-YgCtzMH0ptvZJslLM1ffsY4EuGaU0cx4XSdXLRFae8bPP4dS5xL1tNB3k2o/N64cHJpwU7dxKli/nZ2lUa5fLg==

pg-connection-string@^2.9.1:
  version "2.9.1"
  resolved "https://registry.yarnpkg.com/pg-connection-string/-/pg-connection-string-2.9.1.tgz#bb1fd0011e2eb76ac17360dc8fa183b2d3465238"
  integrity sha512-nkc6NpDcvPVpZXxrreI/FOtX3XemeLl8E0qFr6F2Lrm/I8WOnaWNhIPK2Z7OHpw7gh5XJThi6j6ppgNoaT1w4w==

pg-int8@1.0.1:
  version "1.0.1"
  resolved "https://registry.yarnpkg.com/pg-int8/-/pg-int8-1.0.1.tgz#943bd463bf5b71b4170115f80f8efc9a0c0eb78c"
  integrity sha512-WCtabS6t3c8SkpDBUlb1kjOs7l66xsGdKpIPZsg4wR+B3+u9UAum2odSsF9tnvxg80h4ZxLWMy4pRjOsFIqQpw==

pg-pool@^3.10.1:
  version "3.10.1"
  resolved "https://registry.yarnpkg.com/pg-pool/-/pg-pool-3.10.1.tgz#481047c720be2d624792100cac1816f8850d31b2"
  integrity sha512-Tu8jMlcX+9d8+QVzKIvM/uJtp07PKr82IUOYEphaWcoBhIYkoHpLXN3qO59nAI11ripznDsEzEv8nUxBVWajGg==

pg-protocol@^1.10.3:
  version "1.10.3"
  resolved "https://registry.yarnpkg.com/pg-protocol/-/pg-protocol-1.10.3.tgz#ac9e4778ad3f84d0c5670583bab976ea0a34f69f"
  integrity sha512-6DIBgBQaTKDJyxnXaLiLR8wBpQQcGWuAESkRBX/t6OwA8YsqP+iVSiond2EDy6Y/dsGk8rh/jtax3js5NeV7JQ==

pg-types@2.2.0:
  version "2.2.0"
  resolved "https://registry.yarnpkg.com/pg-types/-/pg-types-2.2.0.tgz#2d0250d636454f7cfa3b6ae0382fdfa8063254a3"
  integrity sha512-qTAAlrEsl8s4OiEQY69wDvcMIdQN6wdz5ojQiOy6YRMuynxenON0O5oCpJI6lshc6scgAY8qvJ2On/p+CXY0GA==
  dependencies:
    pg-int8 "1.0.1"
    postgres-array "~2.0.0"
    postgres-bytea "~1.0.0"
    postgres-date "~1.0.4"
    postgres-interval "^1.1.0"

pg@^8.16.3:
  version "8.16.3"
  resolved "https://registry.yarnpkg.com/pg/-/pg-8.16.3.tgz#160741d0b44fdf64680e45374b06d632e86c99fd"
  integrity sha512-enxc1h0jA/aq5oSDMvqyW3q89ra6XIIDZgCX9vkMrnz5DFTw/Ny3Li2lFQ+pt3L6MCgm/5o2o8HW9hiJji+xvw==
  dependencies:
    pg-connection-string "^2.9.1"
    pg-pool "^3.10.1"
    pg-protocol "^1.10.3"
    pg-types "2.2.0"
    pgpass "1.0.5"
  optionalDependencies:
    pg-cloudflare "^1.2.7"

pgpass@1.0.5:
  version "1.0.5"
  resolved "https://registry.yarnpkg.com/pgpass/-/pgpass-1.0.5.tgz#9b873e4a564bb10fa7a7dbd55312728d422a223d"
  integrity sha512-FdW9r/jQZhSeohs1Z3sI1yxFQNFvMcnmfuj4WBMUTxOrAyLMaTcE1aAMBiTlbMNaXvBCQuVi0R7hd8udDSP7ug==
  dependencies:
    split2 "^4.1.0"

picocolors@^1.1.1:
  version "1.1.1"
  resolved "https://registry.npmjs.org/picocolors/-/picocolors-1.1.1.tgz"
  integrity sha512-xceH2snhtb5M9liqDsmEw56le376mTZkEX/jEb/RxNFyegNul7eNslCXP9FDj/Lcu0X8KEyMceP2ntpaHrDEVA==

picomatch@^4.0.2, picomatch@^4.0.3:
  version "4.0.3"
  resolved "https://registry.npmjs.org/picomatch/-/picomatch-4.0.3.tgz"
  integrity sha512-5gTmgEY/sqK6gFXLIsQNH19lWb4ebPDLA4SdLP7dsWkIXHWlG66oPuVvXSGFPppYZz8ZDZq0dYYrbHfBCVUb1Q==

postcss@^8.5.6:
  version "8.5.6"
  resolved "https://registry.npmjs.org/postcss/-/postcss-8.5.6.tgz"
  integrity sha512-3Ybi1tAuwAP9s0r1UQ2J4n5Y0G05bJkpUIO0/bI9MhwmD70S5aTWbXGBwxHrelT+XM1k6dM0pk+SwNkpTRN7Pg==
  dependencies:
    nanoid "^3.3.11"
    picocolors "^1.1.1"
    source-map-js "^1.2.1"

postgres-array@~2.0.0:
  version "2.0.0"
  resolved "https://registry.yarnpkg.com/postgres-array/-/postgres-array-2.0.0.tgz#48f8fce054fbc69671999329b8834b772652d82e"
  integrity sha512-VpZrUqU5A69eQyW2c5CA1jtLecCsN2U/bD6VilrFDWq5+5UIEVO7nazS3TEcHf1zuPYO/sqGvUvW62g86RXZuA==

postgres-bytea@~1.0.0:
  version "1.0.0"
  resolved "https://registry.yarnpkg.com/postgres-bytea/-/postgres-bytea-1.0.0.tgz#027b533c0aa890e26d172d47cf9ccecc521acd35"
  integrity sha512-xy3pmLuQqRBZBXDULy7KbaitYqLcmxigw14Q5sj8QBVLqEwXfeybIKVWiqAXTlcvdvb0+xkOtDbfQMOf4lST1w==

postgres-date@~1.0.4:
  version "1.0.7"
  resolved "https://registry.yarnpkg.com/postgres-date/-/postgres-date-1.0.7.tgz#51bc086006005e5061c591cee727f2531bf641a8"
  integrity sha512-suDmjLVQg78nMK2UZ454hAG+OAW+HQPZ6n++TNDUX+L0+uUlLywnoxJKDou51Zm+zTCjrCl0Nq6J9C5hP9vK/Q==

postgres-interval@^1.1.0:
  version "1.2.0"
  resolved "https://registry.yarnpkg.com/postgres-interval/-/postgres-interval-1.2.0.tgz#b460c82cb1587507788819a06aa0fffdb3544695"
  integrity sha512-9ZhXKM/rw350N1ovuWHbGxnGh/SNJ4cnxHiM0rxE4VN41wsg8P8zWn9hv/buK00RP4WvlOyr/RBDiptyxVbkZQ==
  dependencies:
    xtend "^4.0.0"

require-directory@^2.1.1:
  version "2.1.1"
  resolved "https://registry.npmjs.org/require-directory/-/require-directory-2.1.1.tgz"
  integrity sha512-fGxEI7+wsG9xrvdjsrlmL22OMTTiHRwAMroiEeMgq8gzoLC/PQr7RsRDSTLUg/bZAZtF+TVIkHc6/4RIKrui+Q==

rollup@^4.40.0:
  version "4.45.3"
  resolved "https://registry.npmjs.org/rollup/-/rollup-4.45.3.tgz"
  integrity sha512-STwyHZF3G+CrmZhB+qDiROq9s8B5PrOCYN6dtmOvwz585XBnyeHk1GTEhHJtUVb355/9uZhOazyVclTt5uahzA==
  dependencies:
    "@types/estree" "1.0.8"
  optionalDependencies:
    "@rollup/rollup-android-arm-eabi" "4.45.3"
    "@rollup/rollup-android-arm64" "4.45.3"
    "@rollup/rollup-darwin-arm64" "4.45.3"
    "@rollup/rollup-darwin-x64" "4.45.3"
    "@rollup/rollup-freebsd-arm64" "4.45.3"
    "@rollup/rollup-freebsd-x64" "4.45.3"
    "@rollup/rollup-linux-arm-gnueabihf" "4.45.3"
    "@rollup/rollup-linux-arm-musleabihf" "4.45.3"
    "@rollup/rollup-linux-arm64-gnu" "4.45.3"
    "@rollup/rollup-linux-arm64-musl" "4.45.3"
    "@rollup/rollup-linux-loongarch64-gnu" "4.45.3"
    "@rollup/rollup-linux-ppc64-gnu" "4.45.3"
    "@rollup/rollup-linux-riscv64-gnu" "4.45.3"
    "@rollup/rollup-linux-riscv64-musl" "4.45.3"
    "@rollup/rollup-linux-s390x-gnu" "4.45.3"
    "@rollup/rollup-linux-x64-gnu" "4.45.3"
    "@rollup/rollup-linux-x64-musl" "4.45.3"
    "@rollup/rollup-win32-arm64-msvc" "4.45.3"
    "@rollup/rollup-win32-ia32-msvc" "4.45.3"
    "@rollup/rollup-win32-x64-msvc" "4.45.3"
    fsevents "~2.3.2"

rxjs@^7.8.1:
  version "7.8.2"
  resolved "https://registry.npmjs.org/rxjs/-/rxjs-7.8.2.tgz"
  integrity sha512-dhKf903U/PQZY6boNNtAGdWbG85WAbjT/1xYoZIC7FAY0yWapOBQVsVrDl58W86//e1VpMNBtRV4MaXfdMySFA==
  dependencies:
    tslib "^2.1.0"

shell-quote@^1.8.1:
  version "1.8.3"
  resolved "https://registry.npmjs.org/shell-quote/-/shell-quote-1.8.3.tgz"
  integrity sha512-ObmnIF4hXNg1BqhnHmgbDETF8dLPCggZWBjkQfhZpbszZnYur5DUljTcCHii5LC3J5E0yeO/1LIMyH+UvHQgyw==

source-map-js@^1.2.1:
  version "1.2.1"
  resolved "https://registry.npmjs.org/source-map-js/-/source-map-js-1.2.1.tgz"
  integrity sha512-UXWMKhLOwVKb728IUtQPXxfYU+usdybtUrK/8uGE8CQMvrhOpwvzDBwj0QhSL7MQc7vIsISBG8VQ8+IDQxpfQA==

spawn-command@0.0.2:
  version "0.0.2"
  resolved "https://registry.npmjs.org/spawn-command/-/spawn-command-0.0.2.tgz"
  integrity sha512-zC8zGoGkmc8J9ndvml8Xksr1Amk9qBujgbF0JAIWO7kXr43w0h/0GJNM/Vustixu+YE8N/MTrQ7N31FvHUACxQ==

split2@^4.1.0:
  version "4.2.0"
  resolved "https://registry.yarnpkg.com/split2/-/split2-4.2.0.tgz#c9c5920904d148bab0b9f67145f245a86aadbfa4"
  integrity sha512-UcjcJOWknrNkF6PLX83qcHM6KHgVKNkV62Y8a5uYDVv9ydGQVwAHMKqHdJje1VTWpljG0WYpCDhrCdAOYH4TWg==

string-width@^4.1.0, string-width@^4.2.0, string-width@^4.2.3:
  version "4.2.3"
  resolved "https://registry.npmjs.org/string-width/-/string-width-4.2.3.tgz"
  integrity sha512-wKyQRQpjJ0sIp62ErSZdGsjMJWsap5oRNihHhu6G7JVO/9jIB6UyevL+tXuOqrng8j/cxKTWyWUwvSTriiZz/g==
  dependencies:
    emoji-regex "^8.0.0"
    is-fullwidth-code-point "^3.0.0"
    strip-ansi "^6.0.1"

strip-ansi@^6.0.0, strip-ansi@^6.0.1:
  version "6.0.1"
  resolved "https://registry.npmjs.org/strip-ansi/-/strip-ansi-6.0.1.tgz"
  integrity sha512-Y38VPSHcqkFrCpFnQ9vuSXmquuv5oXOKpGeT6aGrr3o3Gc9AlVa6JBfUSOCnbxGGZF+/0ooI7KrPuUSztUdU5A==
  dependencies:
    ansi-regex "^5.0.1"

supports-color@^7.1.0:
  version "7.2.0"
  resolved "https://registry.npmjs.org/supports-color/-/supports-color-7.2.0.tgz"
  integrity sha512-qpCAvRl9stuOHveKsn7HncJRvv501qIacKzQlO/+Lwxc9+0q2wLyv4Dfvt80/DPn2pqOBsJdDiogXGR9+OvwRw==
  dependencies:
    has-flag "^4.0.0"

supports-color@^8.1.1:
  version "8.1.1"
  resolved "https://registry.npmjs.org/supports-color/-/supports-color-8.1.1.tgz"
  integrity sha512-MpUEN2OodtUzxvKQl72cUF7RQ5EiHsGvSsVG0ia9c5RbWGL2CI4C7EpPS8UTBIplnlzZiNuV56w+FuNxy3ty2Q==
  dependencies:
    has-flag "^4.0.0"

tinyglobby@^0.2.14:
  version "0.2.14"
  resolved "https://registry.npmjs.org/tinyglobby/-/tinyglobby-0.2.14.tgz"
  integrity sha512-tX5e7OM1HnYr2+a2C/4V0htOcSQcoSTH9KgJnVvNm5zm/cyEWKJ7j7YutsH9CxMdtOkkLFy2AHrMci9IM8IPZQ==
  dependencies:
    fdir "^6.4.4"
    picomatch "^4.0.2"

tree-kill@^1.2.2:
  version "1.2.2"
  resolved "https://registry.npmjs.org/tree-kill/-/tree-kill-1.2.2.tgz"
  integrity sha512-L0Orpi8qGpRG//Nd+H90vFB+3iHnue1zSSGmNOOCh1GLJ7rUKVwV2HvijphGQS2UmhUZewS9VgvxYIdgr+fG1A==

tslib@^2.1.0:
  version "2.8.1"
  resolved "https://registry.npmjs.org/tslib/-/tslib-2.8.1.tgz"
  integrity sha512-oJFu94HQb+KVduSUQL7wnpmqnfmLsOA/nAh6b6EH0wCEoK0/mPeXU6c3wKDV83MkOuHPRHtSXKKU99IBazS/2w==

typescript@^5.8.3:
  version "5.8.3"
  resolved "https://registry.npmjs.org/typescript/-/typescript-5.8.3.tgz"
  integrity sha512-p1diW6TqL9L07nNxvRMM7hMMw4c5XOo/1ibL4aAIGmSAt9slTE1Xgw5KWuof2uTOvCg9BY7ZRi+GaF+7sfgPeQ==

undici-types@~7.8.0:
  version "7.8.0"
  resolved "https://registry.npmjs.org/undici-types/-/undici-types-7.8.0.tgz"
  integrity sha512-9UJ2xGDvQ43tYyVMpuHlsgApydB8ZKfVYTsLDhXkFL/6gfkp+U8xTGdh8pMJv1SpZna0zxG1DwsKZsreLbXBxw==

vary@^1:
  version "1.1.2"
  resolved "https://registry.npmjs.org/vary/-/vary-1.1.2.tgz"
  integrity sha512-BNGbWLfd0eUPabhkXUVm0j8uuvREyTh5ovRa/dyow/BqAbZJyC+5fU+IzQOzmAKzYqYRAISoRhdQr3eIZ/PXqg==

vite@^7.0.6:
  version "7.0.6"
  resolved "https://registry.npmjs.org/vite/-/vite-7.0.6.tgz"
  integrity sha512-MHFiOENNBd+Bd9uvc8GEsIzdkn1JxMmEeYX35tI3fv0sJBUTfW5tQsoaOwuY4KhBI09A3dUJ/DXf2yxPVPUceg==
  dependencies:
    esbuild "^0.25.0"
    fdir "^6.4.6"
    picomatch "^4.0.3"
    postcss "^8.5.6"
    rollup "^4.40.0"
    tinyglobby "^0.2.14"
  optionalDependencies:
    fsevents "~2.3.3"

wrap-ansi@^7.0.0:
  version "7.0.0"
  resolved "https://registry.npmjs.org/wrap-ansi/-/wrap-ansi-7.0.0.tgz"
  integrity sha512-YVGIj2kamLSTxw6NsZjoBxfSwsn0ycdesmc4p+Q21c5zPuZ1pl+NfxVdxPtdHvmNVOQ6XSYG4AUtyt/Fi7D16Q==
  dependencies:
    ansi-styles "^4.0.0"
    string-width "^4.1.0"
    strip-ansi "^6.0.0"

xtend@^4.0.0:
  version "4.0.2"
  resolved "https://registry.yarnpkg.com/xtend/-/xtend-4.0.2.tgz#bb72779f5fa465186b1f438f674fa347fdb5db54"
  integrity sha512-LKYU1iAXJXUgAXn9URjiu+MWhyUXHsvfp7mcuYm9dSUKK0/CjtrUwFAxD82/mCWbtLsGjFIad0wIsod4zrTAEQ==

y18n@^5.0.5:
  version "5.0.8"
  resolved "https://registry.npmjs.org/y18n/-/y18n-5.0.8.tgz"
  integrity sha512-0pfFzegeDWJHJIAmTLRP2DwHjdF5s7jo9tuztdQxAhINCdvS+3nGINqPd00AphqJR/0LhANUS6/+7SCb98YOfA==

yargs-parser@^21.1.1:
  version "21.1.1"
  resolved "https://registry.npmjs.org/yargs-parser/-/yargs-parser-21.1.1.tgz"
  integrity sha512-tVpsJW7DdjecAiFpbIB1e3qxIQsE6NoPc5/eTdrbbIC4h0LVsWhnoa3g+m2HclBIujHzsxZ4VJVA+GUuc2/LBw==

yargs@^17.7.2:
  version "17.7.2"
  resolved "https://registry.npmjs.org/yargs/-/yargs-17.7.2.tgz"
  integrity sha512-7dSzzRQ++CKnNI/krKnYRV7JKKPUXMEh61soaHKg9mrWEhzFWhFnxPxGl+69cD1Ou63C13NUPCnmIcrvqCuM6w==
  dependencies:
    cliui "^8.0.1"
    escalade "^3.1.1"
    get-caller-file "^2.0.5"
    require-directory "^2.1.1"
    string-width "^4.2.3"
    y18n "^5.0.5"
    yargs-parser "^21.1.1"
